
Microsoft Visual Studio Solution File, Format Version 12.00
# Visual Studio Version 16
VisualStudioVersion = 16.0.32002.261
MinimumVisualStudioVersion = 10.0.40219.1
Project("{FAE04EC0-301F-11D3-BF4B-00C04F79EFBC}") = "BowlingScore", "BowlingScore\BowlingScore.csproj", "{3FFBE1AF-5CF5-4CA2-B1CA-5C9EEC15C528}"
EndProject
Project("{FAE04EC0-301F-11D3-BF4B-00C04F79EFBC}") = "BowlingScore.Tests", "BowlingScore.Tests\BowlingScore.Tests.csproj", "{77534D1A-2A90-4666-90A3-D3AC1828F942}"
EndProject
Global
	GlobalSection(SolutionConfigurationPlatforms) = preSolution
		Debug|Any CPU = Debug|Any CPU
		Release|Any CPU = Release|Any CPU
	EndGlobalSection
	GlobalSection(ProjectConfigurationPlatforms) = postSolution
		{3FFBE1AF-5CF5-4CA2-B1CA-5C9EEC15C528}.Debug|Any CPU.ActiveCfg = Debug|Any CPU
		{3FFBE1AF-5CF5-4CA2-B1CA-5C9EEC15C528}.Debug|Any CPU.Build.0 = Debug|Any CPU
		{3FFBE1AF-5CF5-4CA2-B1CA-5C9EEC15C528}.Release|Any CPU.ActiveCfg = Release|Any CPU
		{3FFBE1AF-5CF5-4CA2-B1CA-5C9EEC15C528}.Release|Any CPU.Build.0 = Release|Any CPU
		{77534D1A-2A90-4666-90A3-D3AC1828F942}.Debug|Any CPU.ActiveCfg = Debug|Any CPU
		{77534D1A-2A90-4666-90A3-D3AC1828F942}.Debug|Any CPU.Build.0 = Debug|Any CPU
		{77534D1A-2A90-4666-90A3-D3AC1828F942}.Release|Any CPU.ActiveCfg = Release|Any CPU
		{77534D1A-2A90-4666-90A3-D3AC1828F942}.Release|Any CPU.Build.0 = Release|Any CPU
	EndGlobalSection
	GlobalSection(SolutionProperties) = preSolution
		HideSolutionNode = FALSE
	EndGlobalSection
	GlobalSection(ExtensibilityGlobals) = postSolution
		SolutionGuid = {8896A033-77B9-4C04-B346-6EAAB1EBE691}
	EndGlobalSection
EndGlobal
